
Microsoft Visual Studio Solution File, Format Version 12.00
# Visual Studio 14
VisualStudioVersion = 14.0.25420.1
MinimumVisualStudioVersion = 10.0.40219.1
Project("{2150E333-8FDC-42A3-9474-1A3956D46DE8}") = "ServicePort", "ServicePort", "{88070524-8640-4026-AD5E-9B3A340976DF}"
EndProject
Project("{2150E333-8FDC-42A3-9474-1A3956D46DE8}") = "ClientPort", "ClientPort", "{A121B94D-17A2-472A-B634-E8704EE542E4}"
EndProject
Project("{FAE04EC0-301F-11D3-BF4B-00C04F79EFBC}") = "PGrid", "PGrid\PGrid.csproj", "{38DDC770-3983-46CD-8818-5378438358A6}"
EndProject
Project("{FAE04EC0-301F-11D3-BF4B-00C04F79EFBC}") = "PGrid.Web", "PGrid.Web\PGrid.Web.csproj", "{49199658-75A2-4197-B44F-CBA3AA6AB8D6}"
EndProject
Project("{FAE04EC0-301F-11D3-BF4B-00C04F79EFBC}") = "PlatformClient", "PlatformClient\PlatformClient.csproj", "{57621E48-A301-4948-8571-DE373023D353}"
	ProjectSection(ProjectDependencies) = postProject
		{ED5E49D2-21A4-498F-9F4F-7804A213C1DC} = {ED5E49D2-21A4-498F-9F4F-7804A213C1DC}
	EndProjectSection
EndProject
Project("{FAE04EC0-301F-11D3-BF4B-00C04F79EFBC}") = "PlatformService", "PlatformService\PlatformService.csproj", "{ED5E49D2-21A4-498F-9F4F-7804A213C1DC}"
EndProject
Project("{FAE04EC0-301F-11D3-BF4B-00C04F79EFBC}") = "PlatformService.Model", "PlatformService.Model\PlatformService.Model.csproj", "{01E1D360-2F2D-4786-9290-23809FAFBF93}"
EndProject
Project("{FAE04EC0-301F-11D3-BF4B-00C04F79EFBC}") = "PlatformService.Utility", "PlatformService.Utility\PlatformService.Utility.csproj", "{1B68761E-C686-4ED6-AEBC-C78D3B10AC92}"
EndProject
Project("{FAE04EC0-301F-11D3-BF4B-00C04F79EFBC}") = "PlatformClient.EventDesign.Activity", "PlatformClient.EventDesign.Activity\PlatformClient.EventDesign.Activity.csproj", "{49B761F9-A173-42FC-AEFF-434003D544AE}"
EndProject
Project("{FAE04EC0-301F-11D3-BF4B-00C04F79EFBC}") = "PlatformClient.Selectors.Core", "PlatformClient.Selectors.Core\PlatformClient.Selectors.Core.csproj", "{43E01D0A-F265-4623-A283-C0341E7F1381}"
EndProject
Project("{FAE04EC0-301F-11D3-BF4B-00C04F79EFBC}") = "PlatformClient.Common", "PlatformClient.Common\PlatformClient.Common.csproj", "{8BFCFE2C-104B-47F7-A245-4208E1D2F30C}"
EndProject
Project("{FAE04EC0-301F-11D3-BF4B-00C04F79EFBC}") = "PlatformClient.CompositeCtrl", "PlatformClient.CompositeCtrl\PlatformClient.CompositeCtrl.csproj", "{B871A2BB-D85C-448F-A2F3-73885171B9A5}"
EndProject
Project("{FAE04EC0-301F-11D3-BF4B-00C04F79EFBC}") = "PlatformClient.DataBaseDesign", "PlatformClient.DataBaseDesign\PlatformClient.DataBaseDesign.csproj", "{00D10D5B-3F17-4C49-9BFD-86CCA4E7AD93}"
EndProject
Project("{FAE04EC0-301F-11D3-BF4B-00C04F79EFBC}") = "PlatformClient.Model", "PlatformClient.Model\PlatformClient.Model.csproj", "{4743252E-17CF-4CDE-827D-B13B1C047B1D}"
EndProject
Project("{FAE04EC0-301F-11D3-BF4B-00C04F79EFBC}") = "PlatformClient.PageDesignTime", "PlatformClient.PageDesignTime\PlatformClient.PageDesignTime.csproj", "{54BE62E6-1CCE-497F-A653-3CACA11C9D6E}"
EndProject
Project("{FAE04EC0-301F-11D3-BF4B-00C04F79EFBC}") = "PlatformClient.PageRuntime", "PlatformClient.PageRuntime\PlatformClient.PageRuntime.csproj", "{83BEFC4F-C1C9-477F-BACC-F9BBC99EA13D}"
EndProject
Project("{FAE04EC0-301F-11D3-BF4B-00C04F79EFBC}") = "PlatformClient.Utility", "PlatformClient.Utility\PlatformClient.Utility.csproj", "{46E04C2B-379C-40EE-BFC5-84A7C914C5D3}"
EndProject
Project("{FAE04EC0-301F-11D3-BF4B-00C04F79EFBC}") = "PlatformService.Database", "PlatformService.Database\PlatformService.Database.csproj", "{81728B0D-D96E-4E78-8854-5D6F30666203}"
EndProject
Project("{FAE04EC0-301F-11D3-BF4B-00C04F79EFBC}") = "PlatformClient.EventDesign.Core", "PlatformClient.EventDesign.Core\PlatformClient.EventDesign.Core.csproj", "{166CCFFF-1440-4A56-98AB-9B43A6156EB5}"
EndProject
Project("{FAE04EC0-301F-11D3-BF4B-00C04F79EFBC}") = "PlatformClient.PropertyGrid", "PlatformClient.PropertyGrid\PlatformClient.PropertyGrid.csproj", "{1530B50A-3AB1-4354-A855-486CCBA6C04D}"
EndProject
Project("{FAE04EC0-301F-11D3-BF4B-00C04F79EFBC}") = "PlatformClient.PageDesignTime.Controls", "PlatformClient.PageDesignTime.Controls\PlatformClient.PageDesignTime.Controls.csproj", "{04A892FE-389B-4A21-B29B-BBE66EE30340}"
EndProject
Project("{FAE04EC0-301F-11D3-BF4B-00C04F79EFBC}") = "PlatformClient.Extend.Core", "PlatformClient.Extend.Core\PlatformClient.Extend.Core.csproj", "{2D1B57B1-6E61-4183-965B-C3DC62720D45}"
EndProject
Project("{FAE04EC0-301F-11D3-BF4B-00C04F79EFBC}") = "PlatformClient.CompositeCtrl.Chat", "PlatformClient.CompositeCtrl.Chat\PlatformClient.CompositeCtrl.Chat.csproj", "{ED518CA6-338D-481E-B056-FF219A09E830}"
EndProject
Project("{FAE04EC0-301F-11D3-BF4B-00C04F79EFBC}") = "PlatformClient.PlatformLogon", "PlatformClient.PlatformLogon\PlatformClient.PlatformLogon.csproj", "{DF7A3C75-CA81-4113-BE6B-1E4B1293F8F7}"
EndProject
Global
	GlobalSection(SolutionConfigurationPlatforms) = preSolution
		Debug|Any CPU = Debug|Any CPU
		Release|Any CPU = Release|Any CPU
	EndGlobalSection
	GlobalSection(ProjectConfigurationPlatforms) = postSolution
		{38DDC770-3983-46CD-8818-5378438358A6}.Debug|Any CPU.ActiveCfg = Debug|Any CPU
		{38DDC770-3983-46CD-8818-5378438358A6}.Debug|Any CPU.Build.0 = Debug|Any CPU
		{38DDC770-3983-46CD-8818-5378438358A6}.Release|Any CPU.ActiveCfg = Release|Any CPU
		{38DDC770-3983-46CD-8818-5378438358A6}.Release|Any CPU.Build.0 = Release|Any CPU
		{49199658-75A2-4197-B44F-CBA3AA6AB8D6}.Debug|Any CPU.ActiveCfg = Debug|Any CPU
		{49199658-75A2-4197-B44F-CBA3AA6AB8D6}.Debug|Any CPU.Build.0 = Debug|Any CPU
		{49199658-75A2-4197-B44F-CBA3AA6AB8D6}.Release|Any CPU.ActiveCfg = Release|Any CPU
		{49199658-75A2-4197-B44F-CBA3AA6AB8D6}.Release|Any CPU.Build.0 = Release|Any CPU
		{57621E48-A301-4948-8571-DE373023D353}.Debug|Any CPU.ActiveCfg = Debug|Any CPU
		{57621E48-A301-4948-8571-DE373023D353}.Debug|Any CPU.Build.0 = Debug|Any CPU
		{57621E48-A301-4948-8571-DE373023D353}.Release|Any CPU.ActiveCfg = Release|Any CPU
		{57621E48-A301-4948-8571-DE373023D353}.Release|Any CPU.Build.0 = Release|Any CPU
		{ED5E49D2-21A4-498F-9F4F-7804A213C1DC}.Debug|Any CPU.ActiveCfg = Debug|Any CPU
		{ED5E49D2-21A4-498F-9F4F-7804A213C1DC}.Debug|Any CPU.Build.0 = Debug|Any CPU
		{ED5E49D2-21A4-498F-9F4F-7804A213C1DC}.Release|Any CPU.ActiveCfg = Release|Any CPU
		{ED5E49D2-21A4-498F-9F4F-7804A213C1DC}.Release|Any CPU.Build.0 = Release|Any CPU
		{01E1D360-2F2D-4786-9290-23809FAFBF93}.Debug|Any CPU.ActiveCfg = Debug|Any CPU
		{01E1D360-2F2D-4786-9290-23809FAFBF93}.Debug|Any CPU.Build.0 = Debug|Any CPU
		{01E1D360-2F2D-4786-9290-23809FAFBF93}.Release|Any CPU.ActiveCfg = Release|Any CPU
		{01E1D360-2F2D-4786-9290-23809FAFBF93}.Release|Any CPU.Build.0 = Release|Any CPU
		{1B68761E-C686-4ED6-AEBC-C78D3B10AC92}.Debug|Any CPU.ActiveCfg = Debug|Any CPU
		{1B68761E-C686-4ED6-AEBC-C78D3B10AC92}.Debug|Any CPU.Build.0 = Debug|Any CPU
		{1B68761E-C686-4ED6-AEBC-C78D3B10AC92}.Release|Any CPU.ActiveCfg = Release|Any CPU
		{1B68761E-C686-4ED6-AEBC-C78D3B10AC92}.Release|Any CPU.Build.0 = Release|Any CPU
		{49B761F9-A173-42FC-AEFF-434003D544AE}.Debug|Any CPU.ActiveCfg = Debug|Any CPU
		{49B761F9-A173-42FC-AEFF-434003D544AE}.Debug|Any CPU.Build.0 = Debug|Any CPU
		{49B761F9-A173-42FC-AEFF-434003D544AE}.Release|Any CPU.ActiveCfg = Release|Any CPU
		{49B761F9-A173-42FC-AEFF-434003D544AE}.Release|Any CPU.Build.0 = Release|Any CPU
		{43E01D0A-F265-4623-A283-C0341E7F1381}.Debug|Any CPU.ActiveCfg = Debug|Any CPU
		{43E01D0A-F265-4623-A283-C0341E7F1381}.Debug|Any CPU.Build.0 = Debug|Any CPU
		{43E01D0A-F265-4623-A283-C0341E7F1381}.Release|Any CPU.ActiveCfg = Release|Any CPU
		{43E01D0A-F265-4623-A283-C0341E7F1381}.Release|Any CPU.Build.0 = Release|Any CPU
		{8BFCFE2C-104B-47F7-A245-4208E1D2F30C}.Debug|Any CPU.ActiveCfg = Debug|Any CPU
		{8BFCFE2C-104B-47F7-A245-4208E1D2F30C}.Debug|Any CPU.Build.0 = Debug|Any CPU
		{8BFCFE2C-104B-47F7-A245-4208E1D2F30C}.Release|Any CPU.ActiveCfg = Release|Any CPU
		{8BFCFE2C-104B-47F7-A245-4208E1D2F30C}.Release|Any CPU.Build.0 = Release|Any CPU
		{B871A2BB-D85C-448F-A2F3-73885171B9A5}.Debug|Any CPU.ActiveCfg = Debug|Any CPU
		{B871A2BB-D85C-448F-A2F3-73885171B9A5}.Debug|Any CPU.Build.0 = Debug|Any CPU
		{B871A2BB-D85C-448F-A2F3-73885171B9A5}.Release|Any CPU.ActiveCfg = Release|Any CPU
		{B871A2BB-D85C-448F-A2F3-73885171B9A5}.Release|Any CPU.Build.0 = Release|Any CPU
		{00D10D5B-3F17-4C49-9BFD-86CCA4E7AD93}.Debug|Any CPU.ActiveCfg = Debug|Any CPU
		{00D10D5B-3F17-4C49-9BFD-86CCA4E7AD93}.Debug|Any CPU.Build.0 = Debug|Any CPU
		{00D10D5B-3F17-4C49-9BFD-86CCA4E7AD93}.Release|Any CPU.ActiveCfg = Release|Any CPU
		{00D10D5B-3F17-4C49-9BFD-86CCA4E7AD93}.Release|Any CPU.Build.0 = Release|Any CPU
		{4743252E-17CF-4CDE-827D-B13B1C047B1D}.Debug|Any CPU.ActiveCfg = Debug|Any CPU
		{4743252E-17CF-4CDE-827D-B13B1C047B1D}.Debug|Any CPU.Build.0 = Debug|Any CPU
		{4743252E-17CF-4CDE-827D-B13B1C047B1D}.Release|Any CPU.ActiveCfg = Release|Any CPU
		{4743252E-17CF-4CDE-827D-B13B1C047B1D}.Release|Any CPU.Build.0 = Release|Any CPU
		{54BE62E6-1CCE-497F-A653-3CACA11C9D6E}.Debug|Any CPU.ActiveCfg = Debug|Any CPU
		{54BE62E6-1CCE-497F-A653-3CACA11C9D6E}.Debug|Any CPU.Build.0 = Debug|Any CPU
		{54BE62E6-1CCE-497F-A653-3CACA11C9D6E}.Release|Any CPU.ActiveCfg = Release|Any CPU
		{54BE62E6-1CCE-497F-A653-3CACA11C9D6E}.Release|Any CPU.Build.0 = Release|Any CPU
		{83BEFC4F-C1C9-477F-BACC-F9BBC99EA13D}.Debug|Any CPU.ActiveCfg = Debug|Any CPU
		{83BEFC4F-C1C9-477F-BACC-F9BBC99EA13D}.Debug|Any CPU.Build.0 = Debug|Any CPU
		{83BEFC4F-C1C9-477F-BACC-F9BBC99EA13D}.Release|Any CPU.ActiveCfg = Release|Any CPU
		{83BEFC4F-C1C9-477F-BACC-F9BBC99EA13D}.Release|Any CPU.Build.0 = Release|Any CPU
		{46E04C2B-379C-40EE-BFC5-84A7C914C5D3}.Debug|Any CPU.ActiveCfg = Debug|Any CPU
		{46E04C2B-379C-40EE-BFC5-84A7C914C5D3}.Debug|Any CPU.Build.0 = Debug|Any CPU
		{46E04C2B-379C-40EE-BFC5-84A7C914C5D3}.Release|Any CPU.ActiveCfg = Release|Any CPU
		{46E04C2B-379C-40EE-BFC5-84A7C914C5D3}.Release|Any CPU.Build.0 = Release|Any CPU
		{81728B0D-D96E-4E78-8854-5D6F30666203}.Debug|Any CPU.ActiveCfg = Debug|Any CPU
		{81728B0D-D96E-4E78-8854-5D6F30666203}.Debug|Any CPU.Build.0 = Debug|Any CPU
		{81728B0D-D96E-4E78-8854-5D6F30666203}.Release|Any CPU.ActiveCfg = Release|Any CPU
		{81728B0D-D96E-4E78-8854-5D6F30666203}.Release|Any CPU.Build.0 = Release|Any CPU
		{166CCFFF-1440-4A56-98AB-9B43A6156EB5}.Debug|Any CPU.ActiveCfg = Debug|Any CPU
		{166CCFFF-1440-4A56-98AB-9B43A6156EB5}.Debug|Any CPU.Build.0 = Debug|Any CPU
		{166CCFFF-1440-4A56-98AB-9B43A6156EB5}.Release|Any CPU.ActiveCfg = Release|Any CPU
		{166CCFFF-1440-4A56-98AB-9B43A6156EB5}.Release|Any CPU.Build.0 = Release|Any CPU
		{1530B50A-3AB1-4354-A855-486CCBA6C04D}.Debug|Any CPU.ActiveCfg = Debug|Any CPU
		{1530B50A-3AB1-4354-A855-486CCBA6C04D}.Debug|Any CPU.Build.0 = Debug|Any CPU
		{1530B50A-3AB1-4354-A855-486CCBA6C04D}.Release|Any CPU.ActiveCfg = Release|Any CPU
		{1530B50A-3AB1-4354-A855-486CCBA6C04D}.Release|Any CPU.Build.0 = Release|Any CPU
		{04A892FE-389B-4A21-B29B-BBE66EE30340}.Debug|Any CPU.ActiveCfg = Debug|Any CPU
		{04A892FE-389B-4A21-B29B-BBE66EE30340}.Debug|Any CPU.Build.0 = Debug|Any CPU
		{04A892FE-389B-4A21-B29B-BBE66EE30340}.Release|Any CPU.ActiveCfg = Release|Any CPU
		{04A892FE-389B-4A21-B29B-BBE66EE30340}.Release|Any CPU.Build.0 = Release|Any CPU
		{2D1B57B1-6E61-4183-965B-C3DC62720D45}.Debug|Any CPU.ActiveCfg = Debug|Any CPU
		{2D1B57B1-6E61-4183-965B-C3DC62720D45}.Debug|Any CPU.Build.0 = Debug|Any CPU
		{2D1B57B1-6E61-4183-965B-C3DC62720D45}.Release|Any CPU.ActiveCfg = Release|Any CPU
		{2D1B57B1-6E61-4183-965B-C3DC62720D45}.Release|Any CPU.Build.0 = Release|Any CPU
		{ED518CA6-338D-481E-B056-FF219A09E830}.Debug|Any CPU.ActiveCfg = Debug|Any CPU
		{ED518CA6-338D-481E-B056-FF219A09E830}.Debug|Any CPU.Build.0 = Debug|Any CPU
		{ED518CA6-338D-481E-B056-FF219A09E830}.Release|Any CPU.ActiveCfg = Release|Any CPU
		{ED518CA6-338D-481E-B056-FF219A09E830}.Release|Any CPU.Build.0 = Release|Any CPU
		{DF7A3C75-CA81-4113-BE6B-1E4B1293F8F7}.Debug|Any CPU.ActiveCfg = Debug|Any CPU
		{DF7A3C75-CA81-4113-BE6B-1E4B1293F8F7}.Debug|Any CPU.Build.0 = Debug|Any CPU
		{DF7A3C75-CA81-4113-BE6B-1E4B1293F8F7}.Release|Any CPU.ActiveCfg = Release|Any CPU
		{DF7A3C75-CA81-4113-BE6B-1E4B1293F8F7}.Release|Any CPU.Build.0 = Release|Any CPU
	EndGlobalSection
	GlobalSection(SolutionProperties) = preSolution
		HideSolutionNode = FALSE
	EndGlobalSection
	GlobalSection(NestedProjects) = preSolution
		{38DDC770-3983-46CD-8818-5378438358A6} = {A121B94D-17A2-472A-B634-E8704EE542E4}
		{49199658-75A2-4197-B44F-CBA3AA6AB8D6} = {A121B94D-17A2-472A-B634-E8704EE542E4}
		{57621E48-A301-4948-8571-DE373023D353} = {A121B94D-17A2-472A-B634-E8704EE542E4}
		{ED5E49D2-21A4-498F-9F4F-7804A213C1DC} = {88070524-8640-4026-AD5E-9B3A340976DF}
		{01E1D360-2F2D-4786-9290-23809FAFBF93} = {88070524-8640-4026-AD5E-9B3A340976DF}
		{1B68761E-C686-4ED6-AEBC-C78D3B10AC92} = {88070524-8640-4026-AD5E-9B3A340976DF}
		{49B761F9-A173-42FC-AEFF-434003D544AE} = {A121B94D-17A2-472A-B634-E8704EE542E4}
		{43E01D0A-F265-4623-A283-C0341E7F1381} = {A121B94D-17A2-472A-B634-E8704EE542E4}
		{8BFCFE2C-104B-47F7-A245-4208E1D2F30C} = {A121B94D-17A2-472A-B634-E8704EE542E4}
		{B871A2BB-D85C-448F-A2F3-73885171B9A5} = {A121B94D-17A2-472A-B634-E8704EE542E4}
		{00D10D5B-3F17-4C49-9BFD-86CCA4E7AD93} = {A121B94D-17A2-472A-B634-E8704EE542E4}
		{4743252E-17CF-4CDE-827D-B13B1C047B1D} = {A121B94D-17A2-472A-B634-E8704EE542E4}
		{54BE62E6-1CCE-497F-A653-3CACA11C9D6E} = {A121B94D-17A2-472A-B634-E8704EE542E4}
		{83BEFC4F-C1C9-477F-BACC-F9BBC99EA13D} = {A121B94D-17A2-472A-B634-E8704EE542E4}
		{46E04C2B-379C-40EE-BFC5-84A7C914C5D3} = {A121B94D-17A2-472A-B634-E8704EE542E4}
		{81728B0D-D96E-4E78-8854-5D6F30666203} = {88070524-8640-4026-AD5E-9B3A340976DF}
		{166CCFFF-1440-4A56-98AB-9B43A6156EB5} = {A121B94D-17A2-472A-B634-E8704EE542E4}
		{1530B50A-3AB1-4354-A855-486CCBA6C04D} = {A121B94D-17A2-472A-B634-E8704EE542E4}
		{04A892FE-389B-4A21-B29B-BBE66EE30340} = {A121B94D-17A2-472A-B634-E8704EE542E4}
		{2D1B57B1-6E61-4183-965B-C3DC62720D45} = {A121B94D-17A2-472A-B634-E8704EE542E4}
		{ED518CA6-338D-481E-B056-FF219A09E830} = {A121B94D-17A2-472A-B634-E8704EE542E4}
		{DF7A3C75-CA81-4113-BE6B-1E4B1293F8F7} = {A121B94D-17A2-472A-B634-E8704EE542E4}
	EndGlobalSection
EndGlobal
